
Microsoft Visual Studio Solution File, Format Version 12.00
# Visual Studio 2012
Project("{FAE04EC0-301F-11D3-BF4B-00C04F79EFBC}") = "PandaTime.Web", "PandaTime.Web\PandaTime.Web.csproj", "{BD53D3BF-641A-473D-83F0-D9CBE36764F6}"
EndProject
Global
	GlobalSection(SolutionConfigurationPlatforms) = preSolution
		Debug|Any CPU = Debug|Any CPU
		Release|Any CPU = Release|Any CPU
	EndGlobalSection
	GlobalSection(ProjectConfigurationPlatforms) = postSolution
		{BD53D3BF-641A-473D-83F0-D9CBE36764F6}.Debug|Any CPU.ActiveCfg = Debug|Any CPU
		{BD53D3BF-641A-473D-83F0-D9CBE36764F6}.Debug|Any CPU.Build.0 = Debug|Any CPU
		{BD53D3BF-641A-473D-83F0-D9CBE36764F6}.Release|Any CPU.ActiveCfg = Release|Any CPU
		{BD53D3BF-641A-473D-83F0-D9CBE36764F6}.Release|Any CPU.Build.0 = Release|Any CPU
	EndGlobalSection
EndGlobal
